
Microsoft Visual Studio Solution File, Format Version 12.00
# Visual Studio Version 16
VisualStudioVersion = 16.0.31911.196
MinimumVisualStudioVersion = 10.0.40219.1
Project("{9A19103F-16F7-4668-BE54-9A1E7A4F7556}") = "PasswordGenerator.App", "PasswordGenerator.App\PasswordGenerator.App.csproj", "{2561C827-2CD9-454A-81BC-426356491E4D}"
EndProject
Project("{9A19103F-16F7-4668-BE54-9A1E7A4F7556}") = "PasswordGenerator.Models", "PasswordGenerator.Models\PasswordGenerator.Models.csproj", "{71AE9CC2-9528-4CA6-BDDC-C7FE458DAC56}"
EndProject
Project("{9A19103F-16F7-4668-BE54-9A1E7A4F7556}") = "PasswordGenerator.Core", "PasswordGenerator.Core\PasswordGenerator.Core.csproj", "{EE1F758F-BD8A-4C02-BCA7-8481AE0473A9}"
EndProject
Project("{FAE04EC0-301F-11D3-BF4B-00C04F79EFBC}") = "PasswordGenerator.ConsoleApp", "PasswordGenerator.ConsoleApp\PasswordGenerator.ConsoleApp.csproj", "{1E1BDE33-5A06-4859-8D34-BDFE55EF6FB2}"
EndProject
Global
	GlobalSection(SolutionConfigurationPlatforms) = preSolution
		Debug|Any CPU = Debug|Any CPU
		Release|Any CPU = Release|Any CPU
	EndGlobalSection
	GlobalSection(ProjectConfigurationPlatforms) = postSolution
		{2561C827-2CD9-454A-81BC-426356491E4D}.Debug|Any CPU.ActiveCfg = Debug|Any CPU
		{2561C827-2CD9-454A-81BC-426356491E4D}.Debug|Any CPU.Build.0 = Debug|Any CPU
		{2561C827-2CD9-454A-81BC-426356491E4D}.Release|Any CPU.ActiveCfg = Release|Any CPU
		{2561C827-2CD9-454A-81BC-426356491E4D}.Release|Any CPU.Build.0 = Release|Any CPU
		{71AE9CC2-9528-4CA6-BDDC-C7FE458DAC56}.Debug|Any CPU.ActiveCfg = Debug|Any CPU
		{71AE9CC2-9528-4CA6-BDDC-C7FE458DAC56}.Debug|Any CPU.Build.0 = Debug|Any CPU
		{71AE9CC2-9528-4CA6-BDDC-C7FE458DAC56}.Release|Any CPU.ActiveCfg = Release|Any CPU
		{71AE9CC2-9528-4CA6-BDDC-C7FE458DAC56}.Release|Any CPU.Build.0 = Release|Any CPU
		{EE1F758F-BD8A-4C02-BCA7-8481AE0473A9}.Debug|Any CPU.ActiveCfg = Debug|Any CPU
		{EE1F758F-BD8A-4C02-BCA7-8481AE0473A9}.Debug|Any CPU.Build.0 = Debug|Any CPU
		{EE1F758F-BD8A-4C02-BCA7-8481AE0473A9}.Release|Any CPU.ActiveCfg = Release|Any CPU
		{EE1F758F-BD8A-4C02-BCA7-8481AE0473A9}.Release|Any CPU.Build.0 = Release|Any CPU
		{1E1BDE33-5A06-4859-8D34-BDFE55EF6FB2}.Debug|Any CPU.ActiveCfg = Debug|Any CPU
		{1E1BDE33-5A06-4859-8D34-BDFE55EF6FB2}.Debug|Any CPU.Build.0 = Debug|Any CPU
		{1E1BDE33-5A06-4859-8D34-BDFE55EF6FB2}.Release|Any CPU.ActiveCfg = Release|Any CPU
		{1E1BDE33-5A06-4859-8D34-BDFE55EF6FB2}.Release|Any CPU.Build.0 = Release|Any CPU
	EndGlobalSection
	GlobalSection(SolutionProperties) = preSolution
		HideSolutionNode = FALSE
	EndGlobalSection
	GlobalSection(ExtensibilityGlobals) = postSolution
		SolutionGuid = {98EAB053-4B54-4CBE-873D-6B64CBBCB4A3}
	EndGlobalSection
EndGlobal
