
Microsoft Visual Studio Solution File, Format Version 12.00
# Visual Studio Version 16
VisualStudioVersion = 16.0.31911.196
MinimumVisualStudioVersion = 10.0.40219.1
Project("{FAE04EC0-301F-11D3-BF4B-00C04F79EFBC}") = "PasswordGenerator.App", "PasswordGenerator.App\PasswordGenerator.App.csproj", "{2561C827-2CD9-454A-81BC-426356491E4D}"
EndProject
Global
	GlobalSection(SolutionConfigurationPlatforms) = preSolution
		Debug|Any CPU = Debug|Any CPU
		Release|Any CPU = Release|Any CPU
	EndGlobalSection
	GlobalSection(ProjectConfigurationPlatforms) = postSolution
		{2561C827-2CD9-454A-81BC-426356491E4D}.Debug|Any CPU.ActiveCfg = Debug|Any CPU
		{2561C827-2CD9-454A-81BC-426356491E4D}.Debug|Any CPU.Build.0 = Debug|Any CPU
		{2561C827-2CD9-454A-81BC-426356491E4D}.Release|Any CPU.ActiveCfg = Release|Any CPU
		{2561C827-2CD9-454A-81BC-426356491E4D}.Release|Any CPU.Build.0 = Release|Any CPU
	EndGlobalSection
	GlobalSection(SolutionProperties) = preSolution
		HideSolutionNode = FALSE
	EndGlobalSection
	GlobalSection(ExtensibilityGlobals) = postSolution
		SolutionGuid = {98EAB053-4B54-4CBE-873D-6B64CBBCB4A3}
	EndGlobalSection
EndGlobal
